
Microsoft Visual Studio Solution File, Format Version 12.00
# Visual Studio Version 17
VisualStudioVersion = 17.10.34916.146
MinimumVisualStudioVersion = 10.0.40219.1
Project("{888888A0-9F3D-457C-B088-3A5042F75D52}") = "PlanetDetrectionUI", "PlanetDetrectionUI\PlanetDetrectionUI.pyproj", "{50BEA548-CDD1-46EA-A9BD-D17C76DF3C27}"
EndProject
Project("{888888A0-9F3D-457C-B088-3A5042F75D52}") = "PlanetDetectionTraining", "PlanetDetectionTraining\PlanetDetectionTraining.pyproj", "{06929589-17C4-4DE0-A7B6-C599DD0BAEFC}"
EndProject
Global
	GlobalSection(SolutionConfigurationPlatforms) = preSolution
		Debug|Any CPU = Debug|Any CPU
		Release|Any CPU = Release|Any CPU
	EndGlobalSection
	GlobalSection(ProjectConfigurationPlatforms) = postSolution
		{50BEA548-CDD1-46EA-A9BD-D17C76DF3C27}.Debug|Any CPU.ActiveCfg = Debug|Any CPU
		{50BEA548-CDD1-46EA-A9BD-D17C76DF3C27}.Release|Any CPU.ActiveCfg = Release|Any CPU
		{06929589-17C4-4DE0-A7B6-C599DD0BAEFC}.Debug|Any CPU.ActiveCfg = Debug|Any CPU
		{06929589-17C4-4DE0-A7B6-C599DD0BAEFC}.Release|Any CPU.ActiveCfg = Release|Any CPU
	EndGlobalSection
	GlobalSection(SolutionProperties) = preSolution
		HideSolutionNode = FALSE
	EndGlobalSection
	GlobalSection(ExtensibilityGlobals) = postSolution
		SolutionGuid = {82298D3E-FB79-4CCB-9ACD-A67A8B30EF1A}
	EndGlobalSection
EndGlobal
